
Microsoft Visual Studio Solution File, Format Version 12.00
# Visual Studio 2013
VisualStudioVersion = 12.0.31101.0
MinimumVisualStudioVersion = 10.0.40219.1
Project("{FAE04EC0-301F-11D3-BF4B-00C04F79EFBC}") = "SqlServer", "SqlServer\SqlServer.csproj", "{23B4B045-4F12-41C9-ACAD-AC241682F103}"
EndProject
Project("{FAE04EC0-301F-11D3-BF4B-00C04F79EFBC}") = "StateServer1", "StateServer1\StateServer1.csproj", "{CC2EB39C-E608-4A37-9397-1D4F3A209CCA}"
EndProject
Project("{FAE04EC0-301F-11D3-BF4B-00C04F79EFBC}") = "StateServer2", "StateServer2\StateServer2.csproj", "{527ABB32-57DB-451C-8DA5-557BE3B738DE}"
EndProject
Project("{FAE04EC0-301F-11D3-BF4B-00C04F79EFBC}") = "MySql", "MySql\MySql.csproj", "{B99B8B63-7091-47B6-9927-FFCF9291E2D1}"
EndProject
Project("{FAE04EC0-301F-11D3-BF4B-00C04F79EFBC}") = "Redis1", "Redis1\Redis1.csproj", "{F92C11BD-EAB1-4484-AF8F-9F21296DF20C}"
EndProject
Project("{FAE04EC0-301F-11D3-BF4B-00C04F79EFBC}") = "RedisProvider.SessionProvider", "RedisProvider.SessionProvider\RedisProvider.SessionProvider.csproj", "{23D99A9D-94EC-43A9-8988-5030EE266022}"
EndProject
Project("{2150E333-8FDC-42A3-9474-1A3956D46DE8}") = "00 库", "00 库", "{75A8DA80-E4A6-4DC2-8CA1-07461997C14C}"
EndProject
Project("{2150E333-8FDC-42A3-9474-1A3956D46DE8}") = "02 Web", "02 Web", "{83024B88-F9AF-4B37-BD3B-71B397289492}"
EndProject
Project("{FAE04EC0-301F-11D3-BF4B-00C04F79EFBC}") = "MysqlProvider.SessionProvider", "MysqlProvider.SessionProvider\MysqlProvider.SessionProvider.csproj", "{395FD8C9-3FC1-4174-BA33-A807A24D6C3A}"
EndProject
Global
	GlobalSection(SolutionConfigurationPlatforms) = preSolution
		Debug|Any CPU = Debug|Any CPU
		Release|Any CPU = Release|Any CPU
	EndGlobalSection
	GlobalSection(ProjectConfigurationPlatforms) = postSolution
		{23B4B045-4F12-41C9-ACAD-AC241682F103}.Debug|Any CPU.ActiveCfg = Debug|Any CPU
		{23B4B045-4F12-41C9-ACAD-AC241682F103}.Debug|Any CPU.Build.0 = Debug|Any CPU
		{23B4B045-4F12-41C9-ACAD-AC241682F103}.Release|Any CPU.ActiveCfg = Release|Any CPU
		{23B4B045-4F12-41C9-ACAD-AC241682F103}.Release|Any CPU.Build.0 = Release|Any CPU
		{CC2EB39C-E608-4A37-9397-1D4F3A209CCA}.Debug|Any CPU.ActiveCfg = Debug|Any CPU
		{CC2EB39C-E608-4A37-9397-1D4F3A209CCA}.Debug|Any CPU.Build.0 = Debug|Any CPU
		{CC2EB39C-E608-4A37-9397-1D4F3A209CCA}.Release|Any CPU.ActiveCfg = Release|Any CPU
		{CC2EB39C-E608-4A37-9397-1D4F3A209CCA}.Release|Any CPU.Build.0 = Release|Any CPU
		{527ABB32-57DB-451C-8DA5-557BE3B738DE}.Debug|Any CPU.ActiveCfg = Debug|Any CPU
		{527ABB32-57DB-451C-8DA5-557BE3B738DE}.Debug|Any CPU.Build.0 = Debug|Any CPU
		{527ABB32-57DB-451C-8DA5-557BE3B738DE}.Release|Any CPU.ActiveCfg = Release|Any CPU
		{527ABB32-57DB-451C-8DA5-557BE3B738DE}.Release|Any CPU.Build.0 = Release|Any CPU
		{B99B8B63-7091-47B6-9927-FFCF9291E2D1}.Debug|Any CPU.ActiveCfg = Debug|Any CPU
		{B99B8B63-7091-47B6-9927-FFCF9291E2D1}.Debug|Any CPU.Build.0 = Debug|Any CPU
		{B99B8B63-7091-47B6-9927-FFCF9291E2D1}.Release|Any CPU.ActiveCfg = Release|Any CPU
		{B99B8B63-7091-47B6-9927-FFCF9291E2D1}.Release|Any CPU.Build.0 = Release|Any CPU
		{F92C11BD-EAB1-4484-AF8F-9F21296DF20C}.Debug|Any CPU.ActiveCfg = Debug|Any CPU
		{F92C11BD-EAB1-4484-AF8F-9F21296DF20C}.Debug|Any CPU.Build.0 = Debug|Any CPU
		{F92C11BD-EAB1-4484-AF8F-9F21296DF20C}.Release|Any CPU.ActiveCfg = Release|Any CPU
		{F92C11BD-EAB1-4484-AF8F-9F21296DF20C}.Release|Any CPU.Build.0 = Release|Any CPU
		{23D99A9D-94EC-43A9-8988-5030EE266022}.Debug|Any CPU.ActiveCfg = Debug|Any CPU
		{23D99A9D-94EC-43A9-8988-5030EE266022}.Debug|Any CPU.Build.0 = Debug|Any CPU
		{23D99A9D-94EC-43A9-8988-5030EE266022}.Release|Any CPU.ActiveCfg = Release|Any CPU
		{23D99A9D-94EC-43A9-8988-5030EE266022}.Release|Any CPU.Build.0 = Release|Any CPU
		{395FD8C9-3FC1-4174-BA33-A807A24D6C3A}.Debug|Any CPU.ActiveCfg = Debug|Any CPU
		{395FD8C9-3FC1-4174-BA33-A807A24D6C3A}.Debug|Any CPU.Build.0 = Debug|Any CPU
		{395FD8C9-3FC1-4174-BA33-A807A24D6C3A}.Release|Any CPU.ActiveCfg = Release|Any CPU
		{395FD8C9-3FC1-4174-BA33-A807A24D6C3A}.Release|Any CPU.Build.0 = Release|Any CPU
	EndGlobalSection
	GlobalSection(SolutionProperties) = preSolution
		HideSolutionNode = FALSE
	EndGlobalSection
	GlobalSection(NestedProjects) = preSolution
		{23B4B045-4F12-41C9-ACAD-AC241682F103} = {83024B88-F9AF-4B37-BD3B-71B397289492}
		{CC2EB39C-E608-4A37-9397-1D4F3A209CCA} = {83024B88-F9AF-4B37-BD3B-71B397289492}
		{527ABB32-57DB-451C-8DA5-557BE3B738DE} = {83024B88-F9AF-4B37-BD3B-71B397289492}
		{B99B8B63-7091-47B6-9927-FFCF9291E2D1} = {83024B88-F9AF-4B37-BD3B-71B397289492}
		{F92C11BD-EAB1-4484-AF8F-9F21296DF20C} = {83024B88-F9AF-4B37-BD3B-71B397289492}
		{23D99A9D-94EC-43A9-8988-5030EE266022} = {75A8DA80-E4A6-4DC2-8CA1-07461997C14C}
		{395FD8C9-3FC1-4174-BA33-A807A24D6C3A} = {75A8DA80-E4A6-4DC2-8CA1-07461997C14C}
	EndGlobalSection
EndGlobal
